
Microsoft Visual Studio Solution File, Format Version 12.00
# Visual Studio 15
VisualStudioVersion = 15.0.28010.2048
MinimumVisualStudioVersion = 10.0.40219.1
Project("{888888A0-9F3D-457C-B088-3A5042F75D52}") = "magellan-pcl", "magellan-pcl.pyproj", "{2DFAE453-91B9-4C5A-8BB4-A7E4D88D38D3}"
EndProject
Global
	GlobalSection(SolutionConfigurationPlatforms) = preSolution
		Debug|Any CPU = Debug|Any CPU
		Release|Any CPU = Release|Any CPU
	EndGlobalSection
	GlobalSection(ProjectConfigurationPlatforms) = postSolution
		{2DFAE453-91B9-4C5A-8BB4-A7E4D88D38D3}.Debug|Any CPU.ActiveCfg = Debug|Any CPU
		{2DFAE453-91B9-4C5A-8BB4-A7E4D88D38D3}.Release|Any CPU.ActiveCfg = Release|Any CPU
	EndGlobalSection
	GlobalSection(SolutionProperties) = preSolution
		HideSolutionNode = FALSE
	EndGlobalSection
	GlobalSection(ExtensibilityGlobals) = postSolution
		SolutionGuid = {F8BED6DB-F4BE-4B3D-9791-F7B8829F79A1}
	EndGlobalSection
EndGlobal
